
Microsoft Visual Studio Solution File, Format Version 12.00
# Visual Studio Version 17
VisualStudioVersion = 17.5.002.0
MinimumVisualStudioVersion = 10.0.40219.1
Project("{9A19103F-16F7-4668-BE54-9A1E7A4F7556}") = "ProductsAPI", "ProductsAPI.csproj", "{33D35C1B-D853-4FDD-9EFA-56A1B592A1C0}"
EndProject
Global
	GlobalSection(SolutionConfigurationPlatforms) = preSolution
		Debug|Any CPU = Debug|Any CPU
		Release|Any CPU = Release|Any CPU
	EndGlobalSection
	GlobalSection(ProjectConfigurationPlatforms) = postSolution
		{33D35C1B-D853-4FDD-9EFA-56A1B592A1C0}.Debug|Any CPU.ActiveCfg = Debug|Any CPU
		{33D35C1B-D853-4FDD-9EFA-56A1B592A1C0}.Debug|Any CPU.Build.0 = Debug|Any CPU
		{33D35C1B-D853-4FDD-9EFA-56A1B592A1C0}.Release|Any CPU.ActiveCfg = Release|Any CPU
		{33D35C1B-D853-4FDD-9EFA-56A1B592A1C0}.Release|Any CPU.Build.0 = Release|Any CPU
	EndGlobalSection
	GlobalSection(SolutionProperties) = preSolution
		HideSolutionNode = FALSE
	EndGlobalSection
	GlobalSection(ExtensibilityGlobals) = postSolution
		SolutionGuid = {9BB84240-216B-49BF-B571-1C909D06B374}
	EndGlobalSection
EndGlobal
